
Microsoft Visual Studio Solution File, Format Version 12.00
# Visual Studio 15
VisualStudioVersion = 15.0.26124.0
MinimumVisualStudioVersion = 15.0.26124.0
Project("{FAE04EC0-301F-11D3-BF4B-00C04F79EFBC}") = "hrSaga.core", "hrSaga.core\hrSaga.core.csproj", "{7B9DE113-B355-4078-8EF9-754C65C9A1C4}"
EndProject
Project("{FAE04EC0-301F-11D3-BF4B-00C04F79EFBC}") = "hrSaga.console", "hrSaga.console\hrSaga.console.csproj", "{56C0C519-8FF6-4C33-9FB5-30BD666B9FEC}"
EndProject
Project("{FAE04EC0-301F-11D3-BF4B-00C04F79EFBC}") = "hrSaga.test", "hrSaga.test\hrSaga.test.csproj", "{5AA545A6-3024-423E-BC1A-542AE1E970A9}"
EndProject
Global
	GlobalSection(SolutionConfigurationPlatforms) = preSolution
		Debug|Any CPU = Debug|Any CPU
		Debug|x64 = Debug|x64
		Debug|x86 = Debug|x86
		Release|Any CPU = Release|Any CPU
		Release|x64 = Release|x64
		Release|x86 = Release|x86
	EndGlobalSection
	GlobalSection(SolutionProperties) = preSolution
		HideSolutionNode = FALSE
	EndGlobalSection
	GlobalSection(ProjectConfigurationPlatforms) = postSolution
		{7B9DE113-B355-4078-8EF9-754C65C9A1C4}.Debug|Any CPU.ActiveCfg = Debug|Any CPU
		{7B9DE113-B355-4078-8EF9-754C65C9A1C4}.Debug|Any CPU.Build.0 = Debug|Any CPU
		{7B9DE113-B355-4078-8EF9-754C65C9A1C4}.Debug|x64.ActiveCfg = Debug|x64
		{7B9DE113-B355-4078-8EF9-754C65C9A1C4}.Debug|x64.Build.0 = Debug|x64
		{7B9DE113-B355-4078-8EF9-754C65C9A1C4}.Debug|x86.ActiveCfg = Debug|x86
		{7B9DE113-B355-4078-8EF9-754C65C9A1C4}.Debug|x86.Build.0 = Debug|x86
		{7B9DE113-B355-4078-8EF9-754C65C9A1C4}.Release|Any CPU.ActiveCfg = Release|Any CPU
		{7B9DE113-B355-4078-8EF9-754C65C9A1C4}.Release|Any CPU.Build.0 = Release|Any CPU
		{7B9DE113-B355-4078-8EF9-754C65C9A1C4}.Release|x64.ActiveCfg = Release|x64
		{7B9DE113-B355-4078-8EF9-754C65C9A1C4}.Release|x64.Build.0 = Release|x64
		{7B9DE113-B355-4078-8EF9-754C65C9A1C4}.Release|x86.ActiveCfg = Release|x86
		{7B9DE113-B355-4078-8EF9-754C65C9A1C4}.Release|x86.Build.0 = Release|x86
		{56C0C519-8FF6-4C33-9FB5-30BD666B9FEC}.Debug|Any CPU.ActiveCfg = Debug|Any CPU
		{56C0C519-8FF6-4C33-9FB5-30BD666B9FEC}.Debug|Any CPU.Build.0 = Debug|Any CPU
		{56C0C519-8FF6-4C33-9FB5-30BD666B9FEC}.Debug|x64.ActiveCfg = Debug|x64
		{56C0C519-8FF6-4C33-9FB5-30BD666B9FEC}.Debug|x64.Build.0 = Debug|x64
		{56C0C519-8FF6-4C33-9FB5-30BD666B9FEC}.Debug|x86.ActiveCfg = Debug|x86
		{56C0C519-8FF6-4C33-9FB5-30BD666B9FEC}.Debug|x86.Build.0 = Debug|x86
		{56C0C519-8FF6-4C33-9FB5-30BD666B9FEC}.Release|Any CPU.ActiveCfg = Release|Any CPU
		{56C0C519-8FF6-4C33-9FB5-30BD666B9FEC}.Release|Any CPU.Build.0 = Release|Any CPU
		{56C0C519-8FF6-4C33-9FB5-30BD666B9FEC}.Release|x64.ActiveCfg = Release|x64
		{56C0C519-8FF6-4C33-9FB5-30BD666B9FEC}.Release|x64.Build.0 = Release|x64
		{56C0C519-8FF6-4C33-9FB5-30BD666B9FEC}.Release|x86.ActiveCfg = Release|x86
		{56C0C519-8FF6-4C33-9FB5-30BD666B9FEC}.Release|x86.Build.0 = Release|x86
		{5AA545A6-3024-423E-BC1A-542AE1E970A9}.Debug|Any CPU.ActiveCfg = Debug|Any CPU
		{5AA545A6-3024-423E-BC1A-542AE1E970A9}.Debug|Any CPU.Build.0 = Debug|Any CPU
		{5AA545A6-3024-423E-BC1A-542AE1E970A9}.Debug|x64.ActiveCfg = Debug|x64
		{5AA545A6-3024-423E-BC1A-542AE1E970A9}.Debug|x64.Build.0 = Debug|x64
		{5AA545A6-3024-423E-BC1A-542AE1E970A9}.Debug|x86.ActiveCfg = Debug|x86
		{5AA545A6-3024-423E-BC1A-542AE1E970A9}.Debug|x86.Build.0 = Debug|x86
		{5AA545A6-3024-423E-BC1A-542AE1E970A9}.Release|Any CPU.ActiveCfg = Release|Any CPU
		{5AA545A6-3024-423E-BC1A-542AE1E970A9}.Release|Any CPU.Build.0 = Release|Any CPU
		{5AA545A6-3024-423E-BC1A-542AE1E970A9}.Release|x64.ActiveCfg = Release|x64
		{5AA545A6-3024-423E-BC1A-542AE1E970A9}.Release|x64.Build.0 = Release|x64
		{5AA545A6-3024-423E-BC1A-542AE1E970A9}.Release|x86.ActiveCfg = Release|x86
		{5AA545A6-3024-423E-BC1A-542AE1E970A9}.Release|x86.Build.0 = Release|x86
	EndGlobalSection
EndGlobal
